# THIS IS AN AUTOGENERATED FILE. DO NOT EDIT THIS FILE DIRECTLY.
# yarn lockfile v1


adler-32@~1.2.0:
  version "1.2.0"
  resolved "https://registry.yarnpkg.com/adler-32/-/adler-32-1.2.0.tgz#6a3e6bf0a63900ba15652808cb15c6813d1a5f25"
  dependencies:
    exit-on-epipe "~1.0.1"
    printj "~1.1.0"

async@2.1.4:
  version "2.1.4"
  resolved "https://registry.yarnpkg.com/async/-/async-2.1.4.tgz#2d2160c7788032e4dd6cbe2502f1f9a2c8f6cde4"
  dependencies:
    lodash "^4.14.0"

bluebird@3.5.0:
  version "3.5.0"
  resolved "https://registry.yarnpkg.com/bluebird/-/bluebird-3.5.0.tgz#791420d7f551eea2897453a8a77653f96606d67c"

bson@~1.0.4:
  version "1.0.6"
  resolved "https://registry.yarnpkg.com/bson/-/bson-1.0.6.tgz#444db59ddd4c24f0cb063aabdc5c8c7b0ceca912"

cfb@~1.0.5:
  version "1.0.5"
  resolved "https://registry.yarnpkg.com/cfb/-/cfb-1.0.5.tgz#5f7cf2fcb385dd41db271cf1f28a83fcd705bf06"
  dependencies:
    commander "^2.14.1"
    printj "~1.1.2"

codepage@~1.12.1:
  version "1.12.2"
  resolved "https://registry.yarnpkg.com/codepage/-/codepage-1.12.2.tgz#fd4424448c8bf1db5d7e01f9ecf9e8346582a195"
  dependencies:
    commander "~2.14.1"
    exit-on-epipe "~1.0.1"

commander@^2.14.1:
  version "2.15.1"
  resolved "https://registry.yarnpkg.com/commander/-/commander-2.15.1.tgz#df46e867d0fc2aec66a34662b406a9ccafff5b0f"

commander@~2.14.1:
  version "2.14.1"
  resolved "https://registry.yarnpkg.com/commander/-/commander-2.14.1.tgz#2235123e37af8ca3c65df45b026dbd357b01b9aa"

crc-32@~1.2.0:
  version "1.2.0"
  resolved "https://registry.yarnpkg.com/crc-32/-/crc-32-1.2.0.tgz#cb2db6e29b88508e32d9dd0ec1693e7b41a18208"
  dependencies:
    exit-on-epipe "~1.0.1"
    printj "~1.1.0"

debug@2.6.9:
  version "2.6.9"
  resolved "https://registry.yarnpkg.com/debug/-/debug-2.6.9.tgz#5d128515df134ff327e90a4c93f4e077a536341f"
  dependencies:
    ms "2.0.0"

exit-on-epipe@~1.0.1:
  version "1.0.1"
  resolved "https://registry.yarnpkg.com/exit-on-epipe/-/exit-on-epipe-1.0.1.tgz#0bdd92e87d5285d267daa8171d0eb06159689692"

frac@~1.1.2:
  version "1.1.2"
  resolved "https://registry.yarnpkg.com/frac/-/frac-1.1.2.tgz#3d74f7f6478c88a1b5020306d747dc6313c74d0b"

kareem@2.0.6:
  version "2.0.6"
  resolved "https://registry.yarnpkg.com/kareem/-/kareem-2.0.6.tgz#011ed59fd718bb147c63141a799fc888cd5a211b"

lodash.get@4.4.2:
  version "4.4.2"
  resolved "https://registry.yarnpkg.com/lodash.get/-/lodash.get-4.4.2.tgz#2d177f652fa31e939b4438d5341499dfa3825e99"

lodash@^4.14.0, lodash@^4.17.5:
  version "4.17.5"
  resolved "https://registry.yarnpkg.com/lodash/-/lodash-4.17.5.tgz#99a92d65c0272debe8c96b6057bc8fbfa3bed511"

mongodb-core@3.0.4:
  version "3.0.4"
  resolved "https://registry.yarnpkg.com/mongodb-core/-/mongodb-core-3.0.4.tgz#a3fdf466e697a2f1df87e458e5e2df1c26cc654b"
  dependencies:
    bson "~1.0.4"
    require_optional "^1.0.1"

mongodb-core@3.0.5:
  version "3.0.5"
  resolved "https://registry.yarnpkg.com/mongodb-core/-/mongodb-core-3.0.5.tgz#38d722f2beb99075e628939dad73f355d002d982"
  dependencies:
    bson "~1.0.4"
    require_optional "^1.0.1"

mongodb@3.0.4:
  version "3.0.4"
  resolved "https://registry.yarnpkg.com/mongodb/-/mongodb-3.0.4.tgz#ee0c0f7bc565edc5f40ee2d23170e522a8ad2286"
  dependencies:
    mongodb-core "3.0.4"

mongodb@^3.0.5:
  version "3.0.5"
  resolved "https://registry.yarnpkg.com/mongodb/-/mongodb-3.0.5.tgz#1a3abe6bfdecaee3f35986e1669903b8564a4909"
  dependencies:
    mongodb-core "3.0.5"

mongoose-legacy-pluralize@1.0.2:
  version "1.0.2"
  resolved "https://registry.yarnpkg.com/mongoose-legacy-pluralize/-/mongoose-legacy-pluralize-1.0.2.tgz#3ba9f91fa507b5186d399fb40854bff18fb563e4"

mongoose@^5.0.12:
  version "5.0.12"
  resolved "https://registry.yarnpkg.com/mongoose/-/mongoose-5.0.12.tgz#608a3829bf2edae47b0078cd1970ede2a033b3a0"
  dependencies:
    async "2.1.4"
    bson "~1.0.4"
    kareem "2.0.6"
    lodash.get "4.4.2"
    mongodb "3.0.4"
    mongoose-legacy-pluralize "1.0.2"
    mpath "0.3.0"
    mquery "3.0.0"
    ms "2.0.0"
    regexp-clone "0.0.1"
    sliced "1.0.1"

mpath@0.3.0:
  version "0.3.0"
  resolved "https://registry.yarnpkg.com/mpath/-/mpath-0.3.0.tgz#7a58f789e9b5fd3c94520634157960f26bd5ef44"

mquery@3.0.0:
  version "3.0.0"
  resolved "https://registry.yarnpkg.com/mquery/-/mquery-3.0.0.tgz#e5f387dbabc0b9b69859e550e810faabe0ceabb0"
  dependencies:
    bluebird "3.5.0"
    debug "2.6.9"
    regexp-clone "0.0.1"
    sliced "0.0.5"

ms@2.0.0:
  version "2.0.0"
  resolved "https://registry.yarnpkg.com/ms/-/ms-2.0.0.tgz#5608aeadfc00be6c2901df5f9861788de0d597c8"

node-xlsx@^0.12.0:
  version "0.12.0"
  resolved "https://registry.yarnpkg.com/node-xlsx/-/node-xlsx-0.12.0.tgz#6a02325ada2164df8dc3e54becfc5045ab9f6ed1"
  dependencies:
    xlsx "^0.12.4"

printj@~1.1.0, printj@~1.1.2:
  version "1.1.2"
  resolved "https://registry.yarnpkg.com/printj/-/printj-1.1.2.tgz#d90deb2975a8b9f600fb3a1c94e3f4c53c78a222"

regexp-clone@0.0.1:
  version "0.0.1"
  resolved "https://registry.yarnpkg.com/regexp-clone/-/regexp-clone-0.0.1.tgz#a7c2e09891fdbf38fbb10d376fb73003e68ac589"

require_optional@^1.0.1:
  version "1.0.1"
  resolved "https://registry.yarnpkg.com/require_optional/-/require_optional-1.0.1.tgz#4cf35a4247f64ca3df8c2ef208cc494b1ca8fc2e"
  dependencies:
    resolve-from "^2.0.0"
    semver "^5.1.0"

resolve-from@^2.0.0:
  version "2.0.0"
  resolved "https://registry.yarnpkg.com/resolve-from/-/resolve-from-2.0.0.tgz#9480ab20e94ffa1d9e80a804c7ea147611966b57"

semver@^5.1.0:
  version "5.5.0"
  resolved "https://registry.yarnpkg.com/semver/-/semver-5.5.0.tgz#dc4bbc7a6ca9d916dee5d43516f0092b58f7b8ab"

sliced@0.0.5:
  version "0.0.5"
  resolved "https://registry.yarnpkg.com/sliced/-/sliced-0.0.5.tgz#5edc044ca4eb6f7816d50ba2fc63e25d8fe4707f"

sliced@1.0.1:
  version "1.0.1"
  resolved "https://registry.yarnpkg.com/sliced/-/sliced-1.0.1.tgz#0b3a662b5d04c3177b1926bea82b03f837a2ef41"

ssf@~0.10.2:
  version "0.10.2"
  resolved "https://registry.yarnpkg.com/ssf/-/ssf-0.10.2.tgz#65b2b4fcdfd967bc8e8383a41349009893115976"
  dependencies:
    frac "~1.1.2"

xlsx@^0.12.4:
  version "0.12.7"
  resolved "https://registry.yarnpkg.com/xlsx/-/xlsx-0.12.7.tgz#4b767b7d71d6b5f56928e9d213231805dfaf864e"
  dependencies:
    adler-32 "~1.2.0"
    cfb "~1.0.5"
    codepage "~1.12.1"
    commander "~2.14.1"
    crc-32 "~1.2.0"
    exit-on-epipe "~1.0.1"
    ssf "~0.10.2"
